{
  "pins" : [
    {
      "identity" : "cmp-ios",
      "kind" : "remoteSourceControl",
      "location" : "https://bitbucket.org/traffective/cmp-ios",
      "state" : {
        "branch" : "master",
        "revision" : "d22d0a31d46559be1ab51287e7ba54eae16e9473"
      }
    }
  ],
  "version" : 2
}
